
Microsoft Visual Studio Solution File, Format Version 12.00
# Visual Studio Version 16
VisualStudioVersion = 16.0.28803.916
MinimumVisualStudioVersion = 10.0.40219.1
Project("{FAE04EC0-301F-11D3-BF4B-00C04F79EFBC}") = "Regrex_Password_5", "Regrex_Password_5.csproj", "{4EE95167-BD90-4CE2-BFD8-90E9FF9ADBDC}"
EndProject
Global
	GlobalSection(SolutionConfigurationPlatforms) = preSolution
		Debug|Any CPU = Debug|Any CPU
		Release|Any CPU = Release|Any CPU
	EndGlobalSection
	GlobalSection(ProjectConfigurationPlatforms) = postSolution
		{4EE95167-BD90-4CE2-BFD8-90E9FF9ADBDC}.Debug|Any CPU.ActiveCfg = Debug|Any CPU
		{4EE95167-BD90-4CE2-BFD8-90E9FF9ADBDC}.Debug|Any CPU.Build.0 = Debug|Any CPU
		{4EE95167-BD90-4CE2-BFD8-90E9FF9ADBDC}.Release|Any CPU.ActiveCfg = Release|Any CPU
		{4EE95167-BD90-4CE2-BFD8-90E9FF9ADBDC}.Release|Any CPU.Build.0 = Release|Any CPU
	EndGlobalSection
	GlobalSection(SolutionProperties) = preSolution
		HideSolutionNode = FALSE
	EndGlobalSection
	GlobalSection(ExtensibilityGlobals) = postSolution
		SolutionGuid = {1977B495-671B-4E96-B5D9-E78AE7228637}
	EndGlobalSection
EndGlobal
